// !$*UTF8*$!
{
	archiveVersion = 1;
	classes = {
	};
	objectVersion = 46;
	objects = {

/* Begin PBXBuildFile section */
		E37F16AA1C3C043400EC3DB6 /* Viewable.swift in Sources */ = {isa = PBXBuildFile; fileRef = E37F16A91C3C043400EC3DB6 /* Viewable.swift */; };
		E37F16AE1C3C052700EC3DB6 /* CustomView.swift in Sources */ = {isa = PBXBuildFile; fileRef = E37F16AD1C3C052700EC3DB6 /* CustomView.swift */; };
		E37F16B01C3C05C900EC3DB6 /* CustomView.xib in Resources */ = {isa = PBXBuildFile; fileRef = E37F16AF1C3C05C900EC3DB6 /* CustomView.xib */; };
		E37F16B21C3C087100EC3DB6 /* NoAutoView.swift in Sources */ = {isa = PBXBuildFile; fileRef = E37F16B11C3C087100EC3DB6 /* NoAutoView.swift */; };
		E37F16B41C3C088100EC3DB6 /* NoAutoView.xib in Resources */ = {isa = PBXBuildFile; fileRef = E37F16B31C3C088100EC3DB6 /* NoAutoView.xib */; };
		E3EE91F01C3BEC6400B19B59 /* AppDelegate.swift in Sources */ = {isa = PBXBuildFile; fileRef = E3EE91EF1C3BEC6400B19B59 /* AppDelegate.swift */; };
		E3EE91F21C3BEC6400B19B59 /* ViewController.swift in Sources */ = {isa = PBXBuildFile; fileRef = E3EE91F11C3BEC6400B19B59 /* ViewController.swift */; };
		E3EE91F51C3BEC6400B19B59 /* Main.storyboard in Resources */ = {isa = PBXBuildFile; fileRef = E3EE91F31C3BEC6400B19B59 /* Main.storyboard */; };
		E3EE91F71C3BEC6400B19B59 /* Assets.xcassets in Resources */ = {isa = PBXBuildFile; fileRef = E3EE91F61C3BEC6400B19B59 /* Assets.xcassets */; };
		E3EE91FA1C3BEC6400B19B59 /* LaunchScreen.storyboard in Resources */ = {isa = PBXBuildFile; fileRef = E3EE91F81C3BEC6400B19B59 /* LaunchScreen.storyboard */; };
		E3EE92051C3BEC6400B19B59 /* ShrangTests.swift in Sources */ = {isa = PBXBuildFile; fileRef = E3EE92041C3BEC6400B19B59 /* ShrangTests.swift */; };
		E3EE92101C3BEC6400B19B59 /* ShrangUITests.swift in Sources */ = {isa = PBXBuildFile; fileRef = E3EE920F1C3BEC6400B19B59 /* ShrangUITests.swift */; };
		E3EE921F1C3BEDE800B19B59 /* Shrang.swift in Sources */ = {isa = PBXBuildFile; fileRef = E3EE921E1C3BEDE800B19B59 /* Shrang.swift */; };
/* End PBXBuildFile section */

/* Begin PBXContainerItemProxy section */
		E3EE92011C3BEC6400B19B59 /* PBXContainerItemProxy */ = {
			isa = PBXContainerItemProxy;
			containerPortal = E3EE91E41C3BEC6400B19B59 /* Project object */;
			proxyType = 1;
			remoteGlobalIDString = E3EE91EB1C3BEC6400B19B59;
			remoteInfo = Shrang;
		};
		E3EE920C1C3BEC6400B19B59 /* PBXContainerItemProxy */ = {
			isa = PBXContainerItemProxy;
			containerPortal = E3EE91E41C3BEC6400B19B59 /* Project object */;
			proxyType = 1;
			remoteGlobalIDString = E3EE91EB1C3BEC6400B19B59;
			remoteInfo = Shrang;
		};
/* End PBXContainerItemProxy section */

/* Begin PBXFileReference section */
		E37F16A91C3C043400EC3DB6 /* Viewable.swift */ = {isa = PBXFileReference; fileEncoding = 4; lastKnownFileType = sourcecode.swift; path = Viewable.swift; sourceTree = "<group>"; };
		E37F16AD1C3C052700EC3DB6 /* CustomView.swift */ = {isa = PBXFileReference; fileEncoding = 4; lastKnownFileType = sourcecode.swift; path = CustomView.swift; sourceTree = "<group>"; };
		E37F16AF1C3C05C900EC3DB6 /* CustomView.xib */ = {isa = PBXFileReference; fileEncoding = 4; lastKnownFileType = file.xib; path = CustomView.xib; sourceTree = "<group>"; };
		E37F16B11C3C087100EC3DB6 /* NoAutoView.swift */ = {isa = PBXFileReference; fileEncoding = 4; lastKnownFileType = sourcecode.swift; path = NoAutoView.swift; sourceTree = "<group>"; };
		E37F16B31C3C088100EC3DB6 /* NoAutoView.xib */ = {isa = PBXFileReference; fileEncoding = 4; lastKnownFileType = file.xib; path = NoAutoView.xib; sourceTree = "<group>"; };
		E3EE91EC1C3BEC6400B19B59 /* Shrang.app */ = {isa = PBXFileReference; explicitFileType = wrapper.application; includeInIndex = 0; path = Shrang.app; sourceTree = BUILT_PRODUCTS_DIR; };
		E3EE91EF1C3BEC6400B19B59 /* AppDelegate.swift */ = {isa = PBXFileReference; lastKnownFileType = sourcecode.swift; path = AppDelegate.swift; sourceTree = "<group>"; };
		E3EE91F11C3BEC6400B19B59 /* ViewController.swift */ = {isa = PBXFileReference; lastKnownFileType = sourcecode.swift; path = ViewController.swift; sourceTree = "<group>"; };
		E3EE91F41C3BEC6400B19B59 /* Base */ = {isa = PBXFileReference; lastKnownFileType = file.storyboard; name = Base; path = Base.lproj/Main.storyboard; sourceTree = "<group>"; };
		E3EE91F61C3BEC6400B19B59 /* Assets.xcassets */ = {isa = PBXFileReference; lastKnownFileType = folder.assetcatalog; path = Assets.xcassets; sourceTree = "<group>"; };
		E3EE91F91C3BEC6400B19B59 /* Base */ = {isa = PBXFileReference; lastKnownFileType = file.storyboard; name = Base; path = Base.lproj/LaunchScreen.storyboard; sourceTree = "<group>"; };
		E3EE91FB1C3BEC6400B19B59 /* Info.plist */ = {isa = PBXFileReference; lastKnownFileType = text.plist.xml; path = Info.plist; sourceTree = "<group>"; };
		E3EE92001C3BEC6400B19B59 /* ShrangTests.xctest */ = {isa = PBXFileReference; explicitFileType = wrapper.cfbundle; includeInIndex = 0; path = ShrangTests.xctest; sourceTree = BUILT_PRODUCTS_DIR; };
		E3EE92041C3BEC6400B19B59 /* ShrangTests.swift */ = {isa = PBXFileReference; lastKnownFileType = sourcecode.swift; path = ShrangTests.swift; sourceTree = "<group>"; };
		E3EE92061C3BEC6400B19B59 /* Info.plist */ = {isa = PBXFileReference; lastKnownFileType = text.plist.xml; path = Info.plist; sourceTree = "<group>"; };
		E3EE920B1C3BEC6400B19B59 /* ShrangUITests.xctest */ = {isa = PBXFileReference; explicitFileType = wrapper.cfbundle; includeInIndex = 0; path = ShrangUITests.xctest; sourceTree = BUILT_PRODUCTS_DIR; };
		E3EE920F1C3BEC6400B19B59 /* ShrangUITests.swift */ = {isa = PBXFileReference; lastKnownFileType = sourcecode.swift; path = ShrangUITests.swift; sourceTree = "<group>"; };
		E3EE92111C3BEC6400B19B59 /* Info.plist */ = {isa = PBXFileReference; lastKnownFileType = text.plist.xml; path = Info.plist; sourceTree = "<group>"; };
		E3EE921E1C3BEDE800B19B59 /* Shrang.swift */ = {isa = PBXFileReference; fileEncoding = 4; lastKnownFileType = sourcecode.swift; path = Shrang.swift; sourceTree = "<group>"; };
/* End PBXFileReference section */

/* Begin PBXFrameworksBuildPhase section */
		E3EE91E91C3BEC6400B19B59 /* Frameworks */ = {
			isa = PBXFrameworksBuildPhase;
			buildActionMask = 2147483647;
			files = (
			);
			runOnlyForDeploymentPostprocessing = 0;
		};
		E3EE91FD1C3BEC6400B19B59 /* Frameworks */ = {
			isa = PBXFrameworksBuildPhase;
			buildActionMask = 2147483647;
			files = (
			);
			runOnlyForDeploymentPostprocessing = 0;
		};
		E3EE92081C3BEC6400B19B59 /* Frameworks */ = {
			isa = PBXFrameworksBuildPhase;
			buildActionMask = 2147483647;
			files = (
			);
			runOnlyForDeploymentPostprocessing = 0;
		};
/* End PBXFrameworksBuildPhase section */

/* Begin PBXGroup section */
		E37F16AC1C3C045D00EC3DB6 /* View */ = {
			isa = PBXGroup;
			children = (
				E37F16AD1C3C052700EC3DB6 /* CustomView.swift */,
				E37F16AF1C3C05C900EC3DB6 /* CustomView.xib */,
				E37F16B11C3C087100EC3DB6 /* NoAutoView.swift */,
				E37F16B31C3C088100EC3DB6 /* NoAutoView.xib */,
			);
			path = View;
			sourceTree = "<group>";
		};
		E3EE91E31C3BEC6400B19B59 = {
			isa = PBXGroup;
			children = (
				E3EE91EE1C3BEC6400B19B59 /* Shrang */,
				E3EE92031C3BEC6400B19B59 /* ShrangTests */,
				E3EE920E1C3BEC6400B19B59 /* ShrangUITests */,
				E3EE91ED1C3BEC6400B19B59 /* Products */,
			);
			sourceTree = "<group>";
		};
		E3EE91ED1C3BEC6400B19B59 /* Products */ = {
			isa = PBXGroup;
			children = (
				E3EE91EC1C3BEC6400B19B59 /* Shrang.app */,
				E3EE92001C3BEC6400B19B59 /* ShrangTests.xctest */,
				E3EE920B1C3BEC6400B19B59 /* ShrangUITests.xctest */,
			);
			name = Products;
			sourceTree = "<group>";
		};
		E3EE91EE1C3BEC6400B19B59 /* Shrang */ = {
			isa = PBXGroup;
			children = (
				E37F16AC1C3C045D00EC3DB6 /* View */,
				E3EE921D1C3BEDD700B19B59 /* Shrang */,
				E3EE91EF1C3BEC6400B19B59 /* AppDelegate.swift */,
				E3EE91F11C3BEC6400B19B59 /* ViewController.swift */,
				E3EE91F31C3BEC6400B19B59 /* Main.storyboard */,
				E3EE91F61C3BEC6400B19B59 /* Assets.xcassets */,
				E3EE91F81C3BEC6400B19B59 /* LaunchScreen.storyboard */,
				E3EE91FB1C3BEC6400B19B59 /* Info.plist */,
			);
			path = Shrang;
			sourceTree = "<group>";
		};
		E3EE92031C3BEC6400B19B59 /* ShrangTests */ = {
			isa = PBXGroup;
			children = (
				E3EE92041C3BEC6400B19B59 /* ShrangTests.swift */,
				E3EE92061C3BEC6400B19B59 /* Info.plist */,
			);
			path = ShrangTests;
			sourceTree = "<group>";
		};
		E3EE920E1C3BEC6400B19B59 /* ShrangUITests */ = {
			isa = PBXGroup;
			children = (
				E3EE920F1C3BEC6400B19B59 /* ShrangUITests.swift */,
				E3EE92111C3BEC6400B19B59 /* Info.plist */,
			);
			path = ShrangUITests;
			sourceTree = "<group>";
		};
		E3EE921D1C3BEDD700B19B59 /* Shrang */ = {
			isa = PBXGroup;
			children = (
				E3EE921E1C3BEDE800B19B59 /* Shrang.swift */,
				E37F16A91C3C043400EC3DB6 /* Viewable.swift */,
			);
			path = Shrang;
			sourceTree = "<group>";
		};
/* End PBXGroup section */

/* Begin PBXNativeTarget section */
		E3EE91EB1C3BEC6400B19B59 /* Shrang */ = {
			isa = PBXNativeTarget;
			buildConfigurationList = E3EE92141C3BEC6400B19B59 /* Build configuration list for PBXNativeTarget "Shrang" */;
			buildPhases = (
				E3EE91E81C3BEC6400B19B59 /* Sources */,
				E3EE91E91C3BEC6400B19B59 /* Frameworks */,
				E3EE91EA1C3BEC6400B19B59 /* Resources */,
			);
			buildRules = (
			);
			dependencies = (
			);
			name = Shrang;
			productName = Shrang;
			productReference = E3EE91EC1C3BEC6400B19B59 /* Shrang.app */;
			productType = "com.apple.product-type.application";
		};
		E3EE91FF1C3BEC6400B19B59 /* ShrangTests */ = {
			isa = PBXNativeTarget;
			buildConfigurationList = E3EE92171C3BEC6400B19B59 /* Build configuration list for PBXNativeTarget "ShrangTests" */;
			buildPhases = (
				E3EE91FC1C3BEC6400B19B59 /* Sources */,
				E3EE91FD1C3BEC6400B19B59 /* Frameworks */,
				E3EE91FE1C3BEC6400B19B59 /* Resources */,
			);
			buildRules = (
			);
			dependencies = (
				E3EE92021C3BEC6400B19B59 /* PBXTargetDependency */,
			);
			name = ShrangTests;
			productName = ShrangTests;
			productReference = E3EE92001C3BEC6400B19B59 /* ShrangTests.xctest */;
			productType = "com.apple.product-type.bundle.unit-test";
		};
		E3EE920A1C3BEC6400B19B59 /* ShrangUITests */ = {
			isa = PBXNativeTarget;
			buildConfigurationList = E3EE921A1C3BEC6400B19B59 /* Build configuration list for PBXNativeTarget "ShrangUITests" */;
			buildPhases = (
				E3EE92071C3BEC6400B19B59 /* Sources */,
				E3EE92081C3BEC6400B19B59 /* Frameworks */,
				E3EE92091C3BEC6400B19B59 /* Resources */,
			);
			buildRules = (
			);
			dependencies = (
				E3EE920D1C3BEC6400B19B59 /* PBXTargetDependency */,
			);
			name = ShrangUITests;
			productName = ShrangUITests;
			productReference = E3EE920B1C3BEC6400B19B59 /* ShrangUITests.xctest */;
			productType = "com.apple.product-type.bundle.ui-testing";
		};
/* End PBXNativeTarget section */

/* Begin PBXProject section */
		E3EE91E41C3BEC6400B19B59 /* Project object */ = {
			isa = PBXProject;
			attributes = {
				LastSwiftUpdateCheck = 0720;
				LastUpgradeCheck = 0720;
				ORGANIZATIONNAME = "Wane Wang";
				TargetAttributes = {
					E3EE91EB1C3BEC6400B19B59 = {
						CreatedOnToolsVersion = 7.2;
					};
					E3EE91FF1C3BEC6400B19B59 = {
						CreatedOnToolsVersion = 7.2;
						TestTargetID = E3EE91EB1C3BEC6400B19B59;
					};
					E3EE920A1C3BEC6400B19B59 = {
						CreatedOnToolsVersion = 7.2;
						TestTargetID = E3EE91EB1C3BEC6400B19B59;
					};
				};
			};
			buildConfigurationList = E3EE91E71C3BEC6400B19B59 /* Build configuration list for PBXProject "Shrang" */;
			compatibilityVersion = "Xcode 3.2";
			developmentRegion = English;
			hasScannedForEncodings = 0;
			knownRegions = (
				en,
				Base,
			);
			mainGroup = E3EE91E31C3BEC6400B19B59;
			productRefGroup = E3EE91ED1C3BEC6400B19B59 /* Products */;
			projectDirPath = "";
			projectRoot = "";
			targets = (
				E3EE91EB1C3BEC6400B19B59 /* Shrang */,
				E3EE91FF1C3BEC6400B19B59 /* ShrangTests */,
				E3EE920A1C3BEC6400B19B59 /* ShrangUITests */,
			);
		};
/* End PBXProject section */

/* Begin PBXResourcesBuildPhase section */
		E3EE91EA1C3BEC6400B19B59 /* Resources */ = {
			isa = PBXResourcesBuildPhase;
			buildActionMask = 2147483647;
			files = (
				E3EE91FA1C3BEC6400B19B59 /* LaunchScreen.storyboard in Resources */,
				E37F16B41C3C088100EC3DB6 /* NoAutoView.xib in Resources */,
				E37F16B01C3C05C900EC3DB6 /* CustomView.xib in Resources */,
				E3EE91F71C3BEC6400B19B59 /* Assets.xcassets in Resources */,
				E3EE91F51C3BEC6400B19B59 /* Main.storyboard in Resources */,
			);
			runOnlyForDeploymentPostprocessing = 0;
		};
		E3EE91FE1C3BEC6400B19B59 /* Resources */ = {
			isa = PBXResourcesBuildPhase;
			buildActionMask = 2147483647;
			files = (
			);
			runOnlyForDeploymentPostprocessing = 0;
		};
		E3EE92091C3BEC6400B19B59 /* Resources */ = {
			isa = PBXResourcesBuildPhase;
			buildActionMask = 2147483647;
			files = (
			);
			runOnlyForDeploymentPostprocessing = 0;
		};
/* End PBXResourcesBuildPhase section */

/* Begin PBXSourcesBuildPhase section */
		E3EE91E81C3BEC6400B19B59 /* Sources */ = {
			isa = PBXSourcesBuildPhase;
			buildActionMask = 2147483647;
			files = (
				E37F16AE1C3C052700EC3DB6 /* CustomView.swift in Sources */,
				E37F16AA1C3C043400EC3DB6 /* Viewable.swift in Sources */,
				E37F16B21C3C087100EC3DB6 /* NoAutoView.swift in Sources */,
				E3EE91F21C3BEC6400B19B59 /* ViewController.swift in Sources */,
				E3EE921F1C3BEDE800B19B59 /* Shrang.swift in Sources */,
				E3EE91F01C3BEC6400B19B59 /* AppDelegate.swift in Sources */,
			);
			runOnlyForDeploymentPostprocessing = 0;
		};
		E3EE91FC1C3BEC6400B19B59 /* Sources */ = {
			isa = PBXSourcesBuildPhase;
			buildActionMask = 2147483647;
			files = (
				E3EE92051C3BEC6400B19B59 /* ShrangTests.swift in Sources */,
			);
			runOnlyForDeploymentPostprocessing = 0;
		};
		E3EE92071C3BEC6400B19B59 /* Sources */ = {
			isa = PBXSourcesBuildPhase;
			buildActionMask = 2147483647;
			files = (
				E3EE92101C3BEC6400B19B59 /* ShrangUITests.swift in Sources */,
			);
			runOnlyForDeploymentPostprocessing = 0;
		};
/* End PBXSourcesBuildPhase section */

/* Begin PBXTargetDependency section */
		E3EE92021C3BEC6400B19B59 /* PBXTargetDependency */ = {
			isa = PBXTargetDependency;
			target = E3EE91EB1C3BEC6400B19B59 /* Shrang */;
			targetProxy = E3EE92011C3BEC6400B19B59 /* PBXContainerItemProxy */;
		};
		E3EE920D1C3BEC6400B19B59 /* PBXTargetDependency */ = {
			isa = PBXTargetDependency;
			target = E3EE91EB1C3BEC6400B19B59 /* Shrang */;
			targetProxy = E3EE920C1C3BEC6400B19B59 /* PBXContainerItemProxy */;
		};
/* End PBXTargetDependency section */

/* Begin PBXVariantGroup section */
		E3EE91F31C3BEC6400B19B59 /* Main.storyboard */ = {
			isa = PBXVariantGroup;
			children = (
				E3EE91F41C3BEC6400B19B59 /* Base */,
			);
			name = Main.storyboard;
			sourceTree = "<group>";
		};
		E3EE91F81C3BEC6400B19B59 /* LaunchScreen.storyboard */ = {
			isa = PBXVariantGroup;
			children = (
				E3EE91F91C3BEC6400B19B59 /* Base */,
			);
			name = LaunchScreen.storyboard;
			sourceTree = "<group>";
		};
/* End PBXVariantGroup section */

/* Begin XCBuildConfiguration section */
		E3EE92121C3BEC6400B19B59 /* Debug */ = {
			isa = XCBuildConfiguration;
			buildSettings = {
				ALWAYS_SEARCH_USER_PATHS = NO;
				CLANG_CXX_LANGUAGE_STANDARD = "gnu++0x";
				CLANG_CXX_LIBRARY = "libc++";
				CLANG_ENABLE_MODULES = YES;
				CLANG_ENABLE_OBJC_ARC = YES;
				CLANG_WARN_BOOL_CONVERSION = YES;
				CLANG_WARN_CONSTANT_CONVERSION = YES;
				CLANG_WARN_DIRECT_OBJC_ISA_USAGE = YES_ERROR;
				CLANG_WARN_EMPTY_BODY = YES;
				CLANG_WARN_ENUM_CONVERSION = YES;
				CLANG_WARN_INT_CONVERSION = YES;
				CLANG_WARN_OBJC_ROOT_CLASS = YES_ERROR;
				CLANG_WARN_UNREACHABLE_CODE = YES;
				CLANG_WARN__DUPLICATE_METHOD_MATCH = YES;
				"CODE_SIGN_IDENTITY[sdk=iphoneos*]" = "iPhone Developer";
				COPY_PHASE_STRIP = NO;
				DEBUG_INFORMATION_FORMAT = dwarf;
				ENABLE_STRICT_OBJC_MSGSEND = YES;
				ENABLE_TESTABILITY = YES;
				GCC_C_LANGUAGE_STANDARD = gnu99;
				GCC_DYNAMIC_NO_PIC = NO;
				GCC_NO_COMMON_BLOCKS = YES;
				GCC_OPTIMIZATION_LEVEL = 0;
				GCC_PREPROCESSOR_DEFINITIONS = (
					"DEBUG=1",
					"$(inherited)",
				);
				GCC_WARN_64_TO_32_BIT_CONVERSION = YES;
				GCC_WARN_ABOUT_RETURN_TYPE = YES_ERROR;
				GCC_WARN_UNDECLARED_SELECTOR = YES;
				GCC_WARN_UNINITIALIZED_AUTOS = YES_AGGRESSIVE;
				GCC_WARN_UNUSED_FUNCTION = YES;
				GCC_WARN_UNUSED_VARIABLE = YES;
				IPHONEOS_DEPLOYMENT_TARGET = 8.0;
				MTL_ENABLE_DEBUG_INFO = YES;
				ONLY_ACTIVE_ARCH = YES;
				SDKROOT = iphoneos;
				SWIFT_OPTIMIZATION_LEVEL = "-Onone";
			};
			name = Debug;
		};
		E3EE92131C3BEC6400B19B59 /* Release */ = {
			isa = XCBuildConfiguration;
			buildSettings = {
				ALWAYS_SEARCH_USER_PATHS = NO;
				CLANG_CXX_LANGUAGE_STANDARD = "gnu++0x";
				CLANG_CXX_LIBRARY = "libc++";
				CLANG_ENABLE_MODULES = YES;
				CLANG_ENABLE_OBJC_ARC = YES;
				CLANG_WARN_BOOL_CONVERSION = YES;
				CLANG_WARN_CONSTANT_CONVERSION = YES;
				CLANG_WARN_DIRECT_OBJC_ISA_USAGE = YES_ERROR;
				CLANG_WARN_EMPTY_BODY = YES;
				CLANG_WARN_ENUM_CONVERSION = YES;
				CLANG_WARN_INT_CONVERSION = YES;
				CLANG_WARN_OBJC_ROOT_CLASS = YES_ERROR;
				CLANG_WARN_UNREACHABLE_CODE = YES;
				CLANG_WARN__DUPLICATE_METHOD_MATCH = YES;
				"CODE_SIGN_IDENTITY[sdk=iphoneos*]" = "iPhone Developer";
				COPY_PHASE_STRIP = NO;
				DEBUG_INFORMATION_FORMAT = "dwarf-with-dsym";
				ENABLE_NS_ASSERTIONS = NO;
				ENABLE_STRICT_OBJC_MSGSEND = YES;
				GCC_C_LANGUAGE_STANDARD = gnu99;
				GCC_NO_COMMON_BLOCKS = YES;
				GCC_WARN_64_TO_32_BIT_CONVERSION = YES;
				GCC_WARN_ABOUT_RETURN_TYPE = YES_ERROR;
				GCC_WARN_UNDECLARED_SELECTOR = YES;
				GCC_WARN_UNINITIALIZED_AUTOS = YES_AGGRESSIVE;
				GCC_WARN_UNUSED_FUNCTION = YES;
				GCC_WARN_UNUSED_VARIABLE = YES;
				IPHONEOS_DEPLOYMENT_TARGET = 8.0;
				MTL_ENABLE_DEBUG_INFO = NO;
				SDKROOT = iphoneos;
				VALIDATE_PRODUCT = YES;
			};
			name = Release;
		};
		E3EE92151C3BEC6400B19B59 /* Debug */ = {
			isa = XCBuildConfiguration;
			buildSettings = {
				ASSETCATALOG_COMPILER_APPICON_NAME = AppIcon;
				INFOPLIST_FILE = Shrang/Info.plist;
				IPHONEOS_DEPLOYMENT_TARGET = 8.0;
				LD_RUNPATH_SEARCH_PATHS = "$(inherited) @executable_path/Frameworks";
				PRODUCT_BUNDLE_IDENTIFIER = io.wane.Shrang;
				PRODUCT_NAME = "$(TARGET_NAME)";
			};
			name = Debug;
		};
		E3EE92161C3BEC6400B19B59 /* Release */ = {
			isa = XCBuildConfiguration;
			buildSettings = {
				ASSETCATALOG_COMPILER_APPICON_NAME = AppIcon;
				INFOPLIST_FILE = Shrang/Info.plist;
				IPHONEOS_DEPLOYMENT_TARGET = 8.0;
				LD_RUNPATH_SEARCH_PATHS = "$(inherited) @executable_path/Frameworks";
				PRODUCT_BUNDLE_IDENTIFIER = io.wane.Shrang;
				PRODUCT_NAME = "$(TARGET_NAME)";
			};
			name = Release;
		};
		E3EE92181C3BEC6400B19B59 /* Debug */ = {
			isa = XCBuildConfiguration;
			buildSettings = {
				BUNDLE_LOADER = "$(TEST_HOST)";
				INFOPLIST_FILE = ShrangTests/Info.plist;
				LD_RUNPATH_SEARCH_PATHS = "$(inherited) @executable_path/Frameworks @loader_path/Frameworks";
				PRODUCT_BUNDLE_IDENTIFIER = io.wanew.ShrangTests;
				PRODUCT_NAME = "$(TARGET_NAME)";
				TEST_HOST = "$(BUILT_PRODUCTS_DIR)/Shrang.app/Shrang";
			};
			name = Debug;
		};
		E3EE92191C3BEC6400B19B59 /* Release */ = {
			isa = XCBuildConfiguration;
			buildSettings = {
				BUNDLE_LOADER = "$(TEST_HOST)";
				INFOPLIST_FILE = ShrangTests/Info.plist;
				LD_RUNPATH_SEARCH_PATHS = "$(inherited) @executable_path/Frameworks @loader_path/Frameworks";
				PRODUCT_BUNDLE_IDENTIFIER = io.wanew.ShrangTests;
				PRODUCT_NAME = "$(TARGET_NAME)";
				TEST_HOST = "$(BUILT_PRODUCTS_DIR)/Shrang.app/Shrang";
			};
			name = Release;
		};
		E3EE921B1C3BEC6400B19B59 /* Debug */ = {
			isa = XCBuildConfiguration;
			buildSettings = {
				INFOPLIST_FILE = ShrangUITests/Info.plist;
				LD_RUNPATH_SEARCH_PATHS = "$(inherited) @executable_path/Frameworks @loader_path/Frameworks";
				PRODUCT_BUNDLE_IDENTIFIER = io.wanew.ShrangUITests;
				PRODUCT_NAME = "$(TARGET_NAME)";
				TEST_TARGET_NAME = Shrang;
				USES_XCTRUNNER = YES;
			};
			name = Debug;
		};
		E3EE921C1C3BEC6400B19B59 /* Release */ = {
			isa = XCBuildConfiguration;
			buildSettings = {
				INFOPLIST_FILE = ShrangUITests/Info.plist;
				LD_RUNPATH_SEARCH_PATHS = "$(inherited) @executable_path/Frameworks @loader_path/Frameworks";
				PRODUCT_BUNDLE_IDENTIFIER = io.wanew.ShrangUITests;
				PRODUCT_NAME = "$(TARGET_NAME)";
				TEST_TARGET_NAME = Shrang;
				USES_XCTRUNNER = YES;
			};
			name = Release;
		};
/* End XCBuildConfiguration section */

/* Begin XCConfigurationList section */
		E3EE91E71C3BEC6400B19B59 /* Build configuration list for PBXProject "Shrang" */ = {
			isa = XCConfigurationList;
			buildConfigurations = (
				E3EE92121C3BEC6400B19B59 /* Debug */,
				E3EE92131C3BEC6400B19B59 /* Release */,
			);
			defaultConfigurationIsVisible = 0;
			defaultConfigurationName = Release;
		};
		E3EE92141C3BEC6400B19B59 /* Build configuration list for PBXNativeTarget "Shrang" */ = {
			isa = XCConfigurationList;
			buildConfigurations = (
				E3EE92151C3BEC6400B19B59 /* Debug */,
				E3EE92161C3BEC6400B19B59 /* Release */,
			);
			defaultConfigurationIsVisible = 0;
			defaultConfigurationName = Release;
		};
		E3EE92171C3BEC6400B19B59 /* Build configuration list for PBXNativeTarget "ShrangTests" */ = {
			isa = XCConfigurationList;
			buildConfigurations = (
				E3EE92181C3BEC6400B19B59 /* Debug */,
				E3EE92191C3BEC6400B19B59 /* Release */,
			);
			defaultConfigurationIsVisible = 0;
			defaultConfigurationName = Release;
		};
		E3EE921A1C3BEC6400B19B59 /* Build configuration list for PBXNativeTarget "ShrangUITests" */ = {
			isa = XCConfigurationList;
			buildConfigurations = (
				E3EE921B1C3BEC6400B19B59 /* Debug */,
				E3EE921C1C3BEC6400B19B59 /* Release */,
			);
			defaultConfigurationIsVisible = 0;
			defaultConfigurationName = Release;
		};
/* End XCConfigurationList section */
	};
	rootObject = E3EE91E41C3BEC6400B19B59 /* Project object */;
}
